
Microsoft Visual Studio Solution File, Format Version 12.00
# Visual Studio Version 16
VisualStudioVersion = 16.0.29709.97
MinimumVisualStudioVersion = 10.0.40219.1
Project("{F184B08F-C81C-45F6-A57F-5ABD9991F28F}") = "Git-hub", "Git-hub\Git-hub.vbproj", "{5FF4CDA0-843B-4AF0-A0C1-86AD9370F291}"
EndProject
Global
	GlobalSection(SolutionConfigurationPlatforms) = preSolution
		Debug|Any CPU = Debug|Any CPU
		Release|Any CPU = Release|Any CPU
	EndGlobalSection
	GlobalSection(ProjectConfigurationPlatforms) = postSolution
		{5FF4CDA0-843B-4AF0-A0C1-86AD9370F291}.Debug|Any CPU.ActiveCfg = Debug|Any CPU
		{5FF4CDA0-843B-4AF0-A0C1-86AD9370F291}.Debug|Any CPU.Build.0 = Debug|Any CPU
		{5FF4CDA0-843B-4AF0-A0C1-86AD9370F291}.Release|Any CPU.ActiveCfg = Release|Any CPU
		{5FF4CDA0-843B-4AF0-A0C1-86AD9370F291}.Release|Any CPU.Build.0 = Release|Any CPU
	EndGlobalSection
	GlobalSection(SolutionProperties) = preSolution
		HideSolutionNode = FALSE
	EndGlobalSection
	GlobalSection(ExtensibilityGlobals) = postSolution
		SolutionGuid = {AEA6DA4C-A445-4791-8BFC-6C1F7AA148D1}
	EndGlobalSection
EndGlobal
